<?xml version="1.0" encoding="utf-8"?>
<Project ToolsVersion="4.0" xmlns="http://schemas.microsoft.com/developer/msbuild/2003">
  <ItemGroup>
    <Filter Include="Source Files">
      <UniqueIdentifier>{4FC737F1-C7A5-4376-A066-2A32D752A2FF}</UniqueIdentifier>
      <Extensions>cpp;c;cc;cxx;c++;cppm;ixx;def;odl;idl;hpj;bat;asm;asmx</Extensions>
    </Filter>
    <Filter Include="Header Files">
      <UniqueIdentifier>{93995380-89BD-4b04-88EB-625FBE52EBFB}</UniqueIdentifier>
      <Extensions>h;hh;hpp;hxx;h++;hm;inl;inc;ipp;xsd</Extensions>
    </Filter>
    <Filter Include="Resource Files">
      <UniqueIdentifier>{67DA6AB6-F800-4c08-8B7A-83BB121AAD01}</UniqueIdentifier>
      <Extensions>rc;ico;cur;bmp;dlg;rc2;rct;bin;rgs;gif;jpg;jpeg;jpe;resx;tiff;tif;png;wav;mfcribbon-ms</Extensions>
    </Filter>
  </ItemGroup>
  <ItemGroup>
    <ClCompile Include="main.cpp">
      <Filter>Source Files</Filter>
    </ClCompile>
    <ClCompile Include="SpectralMathAVX.cpp">
      <Filter>Source Files</Filter>
    </ClCompile>
    <ClCompile Include="..\OFXS\Support\Library\ofxsCore.cpp">
      <Filter>Source Files</Filter>
    </ClCompile>
    <ClCompile Include="..\OFXS\Support\Library\ofxsImageEffect.cpp">
      <Filter>Source Files</Filter>
    </ClCompile>
    <ClCompile Include="..\OFXS\Support\Library\ofxsInteract.cpp">
      <Filter>Source Files</Filter>
    </ClCompile>
    <ClCompile Include="..\OFXS\Support\Library\ofxsLog.cpp">
      <Filter>Source Files</Filter>
    </ClCompile>
    <ClCompile Include="..\OFXS\Support\Library\ofxsMultiThread.cpp">
      <Filter>Source Files</Filter>
    </ClCompile>
    <ClCompile Include="..\OFXS\Support\Library\ofxsParams.cpp">
      <Filter>Source Files</Filter>
    </ClCompile>
    <ClCompile Include="..\OFXS\Support\Library\ofxsProperty.cpp">
      <Filter>Source Files</Filter>
    </ClCompile>
    <ClCompile Include="..\OFXS\Support\Library\ofxsPropertyValidation.cpp">
      <Filter>Source Files</Filter>
    </ClCompile>
    <ClCompile Include="mainProcessing.cpp">
      <Filter>Source Files</Filter>
    </ClCompile>
    <ClCompile Include="NeutralFilters.cpp">
      <Filter>Source Files</Filter>
    </ClCompile>
    <ClCompile Include="ProfileJSONLoader.cpp">
      <Filter>Source Files</Filter>
    </ClCompile>
    <ClCompile Include="AkimaInterpolator.cpp">
      <Filter>Source Files</Filter>
    </ClCompile>
    <ClCompile Include="OutputEncoding.cpp">
      <Filter>Source Files</Filter>
    </ClCompile>
    <ClCompile Include="JuicerState.cpp">
      <Filter>Source Files</Filter>
    </ClCompile>
    <ClCompile Include="JuicerEffect.cpp">
      <Filter>Source Files</Filter>
    </ClCompile>
  </ItemGroup>
  <ItemGroup>
    <ClInclude Include="SpectralMath.h">
      <Filter>Header Files</Filter>
    </ClInclude>
    <ClInclude Include="SpectralUpsampling.h">
      <Filter>Header Files</Filter>
    </ClInclude>
    <ClInclude Include="Illuminants.h">
      <Filter>Header Files</Filter>
    </ClInclude>
    <ClInclude Include="NpyLoader.h">
      <Filter>Header Files</Filter>
    </ClInclude>
    <ClInclude Include="Couplers.h">
      <Filter>Header Files</Filter>
    </ClInclude>
    <ClInclude Include="Scanner.h">
      <Filter>Header Files</Filter>
    </ClInclude>
    <ClInclude Include="Print.h">
      <Filter>Header Files</Filter>
    </ClInclude>
    <ClInclude Include="WorkingState.h">
      <Filter>Header Files</Filter>
    </ClInclude>
    <ClInclude Include="SpectralTables.h">
      <Filter>Header Files</Filter>
    </ClInclude>
    <ClInclude Include="mainProcessing.h">
      <Filter>Header Files</Filter>
    </ClInclude>
    <ClInclude Include="NeutralFilters.h">
      <Filter>Header Files</Filter>
    </ClInclude>
    <ClInclude Include="ProfileJSONLoader.h">
      <Filter>Header Files</Filter>
    </ClInclude>
    <ClInclude Include="AkimaInterpolator.h">
      <Filter>Header Files</Filter>
    </ClInclude>
    <ClInclude Include="OutputEncoding.h">
      <Filter>Header Files</Filter>
    </ClInclude>
    <ClInclude Include="JuicerState.h">
      <Filter>Header Files</Filter>
    </ClInclude>
    <ClInclude Include="JuicerEffect.h">
      <Filter>Header Files</Filter>
    </ClInclude>
    <ClInclude Include="ParamNames.h">
      <Filter>Header Files</Filter>
    </ClInclude>
    <ClInclude Include="LogExposureOffsets.h">
      <Filter>Header Files</Filter>
    </ClInclude>
    <ClInclude Include="RebuildWorkingStateInternals.h">
      <Filter>Header Files</Filter>
    </ClInclude>
  </ItemGroup>
</Project>