
Microsoft Visual Studio Solution File, Format Version 12.00
# Visual Studio Version 17
VisualStudioVersion = 17.14.36414.22 d17.14
MinimumVisualStudioVersion = 10.0.40219.1
Project("{8BC9CEB8-8B4A-11D0-8D11-00A0C91BC942}") = "juicer", "juicer.vcxproj", "{E84C5D5E-AAAD-4C04-B01B-5F8CA86FA950}"
EndProject
Global
	GlobalSection(SolutionConfigurationPlatforms) = preSolution
		Debug|x64 = Debug|x64
		Debug|x86 = Debug|x86
		Release|x64 = Release|x64
		Release|x86 = Release|x86
	EndGlobalSection
	GlobalSection(ProjectConfigurationPlatforms) = postSolution
		{E84C5D5E-AAAD-4C04-B01B-5F8CA86FA950}.Debug|x64.ActiveCfg = Debug|x64
		{E84C5D5E-AAAD-4C04-B01B-5F8CA86FA950}.Debug|x64.Build.0 = Debug|x64
		{E84C5D5E-AAAD-4C04-B01B-5F8CA86FA950}.Debug|x86.ActiveCfg = Debug|Win32
		{E84C5D5E-AAAD-4C04-B01B-5F8CA86FA950}.Debug|x86.Build.0 = Debug|Win32
		{E84C5D5E-AAAD-4C04-B01B-5F8CA86FA950}.Release|x64.ActiveCfg = Release|x64
		{E84C5D5E-AAAD-4C04-B01B-5F8CA86FA950}.Release|x64.Build.0 = Release|x64
		{E84C5D5E-AAAD-4C04-B01B-5F8CA86FA950}.Release|x86.ActiveCfg = Release|Win32
		{E84C5D5E-AAAD-4C04-B01B-5F8CA86FA950}.Release|x86.Build.0 = Release|Win32
	EndGlobalSection
	GlobalSection(SolutionProperties) = preSolution
		HideSolutionNode = FALSE
	EndGlobalSection
	GlobalSection(ExtensibilityGlobals) = postSolution
		SolutionGuid = {F446E2E3-A8D6-43D1-90E8-041615B450C2}
	EndGlobalSection
EndGlobal
